
Microsoft Visual Studio Solution File, Format Version 12.00
Project("{FAE04EC0-301F-11D3-BF4B-00C04F79EFBC}") = "CompMath", "CompMath\CompMath.csproj", "{FCE38369-18D9-45C7-80CC-CB0BC881C667}"
EndProject
Global
	GlobalSection(SolutionConfigurationPlatforms) = preSolution
		Debug|Any CPU = Debug|Any CPU
		Release|Any CPU = Release|Any CPU
	EndGlobalSection
	GlobalSection(ProjectConfigurationPlatforms) = postSolution
		{FCE38369-18D9-45C7-80CC-CB0BC881C667}.Debug|Any CPU.ActiveCfg = Debug|Any CPU
		{FCE38369-18D9-45C7-80CC-CB0BC881C667}.Debug|Any CPU.Build.0 = Debug|Any CPU
		{FCE38369-18D9-45C7-80CC-CB0BC881C667}.Release|Any CPU.ActiveCfg = Release|Any CPU
		{FCE38369-18D9-45C7-80CC-CB0BC881C667}.Release|Any CPU.Build.0 = Release|Any CPU
	EndGlobalSection
EndGlobal
